dependencies:
- name: common
  repository: https://charts.bitnami.com/bitnami
  version: 2.36.0
- name: postgresql
  repository: https://charts.bitnami.com/bitnami
  version: 18.0.17
digest: sha256:ebf871b2d074381612abed6f6d11c6c50176ca5b60501f409c2585f55a13b7a8
generated: "2026-03-15T22:01:10.0711428Z"
